
Microsoft Visual Studio Solution File, Format Version 12.00
# Visual Studio 15
VisualStudioVersion = 15.0.26430.13
MinimumVisualStudioVersion = 10.0.40219.1
Project("{FAE04EC0-301F-11D3-BF4B-00C04F79EFBC}") = "Ameritrack_Xam.Android", "Ameritrack_Xam\Ameritrack_Xam.Android\Ameritrack_Xam.Android.csproj", "{B0F5FED6-23F3-4151-9362-2157A24F41A7}"
EndProject
Project("{FAE04EC0-301F-11D3-BF4B-00C04F79EFBC}") = "Ameritrack_Xam", "Ameritrack_Xam\Ameritrack_Xam\Ameritrack_Xam.csproj", "{8C0D424E-6E4D-4B06-A282-A08A9431440D}"
EndProject
Project("{FAE04EC0-301F-11D3-BF4B-00C04F79EFBC}") = "Ameritrack_Xam.UWP", "Ameritrack_Xam\Ameritrack_Xam.UWP\Ameritrack_Xam.UWP.csproj", "{73F46464-7321-4FC7-AD74-AE514C3684D3}"
EndProject
Project("{FAE04EC0-301F-11D3-BF4B-00C04F79EFBC}") = "Ameritrack_Xam.iOS", "Ameritrack_Xam\Ameritrack_Xam.iOS\Ameritrack_Xam.iOS.csproj", "{6476E084-BCF8-44E7-A6DA-0732EA1D05FA}"
EndProject
Global
	GlobalSection(SolutionConfigurationPlatforms) = preSolution
		Ad-Hoc|Any CPU = Ad-Hoc|Any CPU
		Ad-Hoc|ARM = Ad-Hoc|ARM
		Ad-Hoc|iPhone = Ad-Hoc|iPhone
		Ad-Hoc|iPhoneSimulator = Ad-Hoc|iPhoneSimulator
		Ad-Hoc|x64 = Ad-Hoc|x64
		Ad-Hoc|x86 = Ad-Hoc|x86
		AppStore|Any CPU = AppStore|Any CPU
		AppStore|ARM = AppStore|ARM
		AppStore|iPhone = AppStore|iPhone
		AppStore|iPhoneSimulator = AppStore|iPhoneSimulator
		AppStore|x64 = AppStore|x64
		AppStore|x86 = AppStore|x86
		Debug|Any CPU = Debug|Any CPU
		Debug|ARM = Debug|ARM
		Debug|iPhone = Debug|iPhone
		Debug|iPhoneSimulator = Debug|iPhoneSimulator
		Debug|x64 = Debug|x64
		Debug|x86 = Debug|x86
		Release|Any CPU = Release|Any CPU
		Release|ARM = Release|ARM
		Release|iPhone = Release|iPhone
		Release|iPhoneSimulator = Release|iPhoneSimulator
		Release|x64 = Release|x64
		Release|x86 = Release|x86
	EndGlobalSection
	GlobalSection(ProjectConfigurationPlatforms) = postSolution
		{B0F5FED6-23F3-4151-9362-2157A24F41A7}.Ad-Hoc|Any CPU.ActiveCfg = Release|Any CPU
		{B0F5FED6-23F3-4151-9362-2157A24F41A7}.Ad-Hoc|Any CPU.Build.0 = Release|Any CPU
		{B0F5FED6-23F3-4151-9362-2157A24F41A7}.Ad-Hoc|Any CPU.Deploy.0 = Release|Any CPU
		{B0F5FED6-23F3-4151-9362-2157A24F41A7}.Ad-Hoc|ARM.ActiveCfg = Release|Any CPU
		{B0F5FED6-23F3-4151-9362-2157A24F41A7}.Ad-Hoc|ARM.Build.0 = Release|Any CPU
		{B0F5FED6-23F3-4151-9362-2157A24F41A7}.Ad-Hoc|ARM.Deploy.0 = Release|Any CPU
		{B0F5FED6-23F3-4151-9362-2157A24F41A7}.Ad-Hoc|iPhone.ActiveCfg = Release|Any CPU
		{B0F5FED6-23F3-4151-9362-2157A24F41A7}.Ad-Hoc|iPhone.Build.0 = Release|Any CPU
		{B0F5FED6-23F3-4151-9362-2157A24F41A7}.Ad-Hoc|iPhone.Deploy.0 = Release|Any CPU
		{B0F5FED6-23F3-4151-9362-2157A24F41A7}.Ad-Hoc|iPhoneSimulator.ActiveCfg = Release|Any CPU
		{B0F5FED6-23F3-4151-9362-2157A24F41A7}.Ad-Hoc|iPhoneSimulator.Build.0 = Release|Any CPU
		{B0F5FED6-23F3-4151-9362-2157A24F41A7}.Ad-Hoc|iPhoneSimulator.Deploy.0 = Release|Any CPU
		{B0F5FED6-23F3-4151-9362-2157A24F41A7}.Ad-Hoc|x64.ActiveCfg = Release|Any CPU
		{B0F5FED6-23F3-4151-9362-2157A24F41A7}.Ad-Hoc|x64.Build.0 = Release|Any CPU
		{B0F5FED6-23F3-4151-9362-2157A24F41A7}.Ad-Hoc|x64.Deploy.0 = Release|Any CPU
		{B0F5FED6-23F3-4151-9362-2157A24F41A7}.Ad-Hoc|x86.ActiveCfg = Release|Any CPU
		{B0F5FED6-23F3-4151-9362-2157A24F41A7}.Ad-Hoc|x86.Build.0 = Release|Any CPU
		{B0F5FED6-23F3-4151-9362-2157A24F41A7}.Ad-Hoc|x86.Deploy.0 = Release|Any CPU
		{B0F5FED6-23F3-4151-9362-2157A24F41A7}.AppStore|Any CPU.ActiveCfg = Release|Any CPU
		{B0F5FED6-23F3-4151-9362-2157A24F41A7}.AppStore|Any CPU.Build.0 = Release|Any CPU
		{B0F5FED6-23F3-4151-9362-2157A24F41A7}.AppStore|Any CPU.Deploy.0 = Release|Any CPU
		{B0F5FED6-23F3-4151-9362-2157A24F41A7}.AppStore|ARM.ActiveCfg = Release|Any CPU
		{B0F5FED6-23F3-4151-9362-2157A24F41A7}.AppStore|ARM.Build.0 = Release|Any CPU
		{B0F5FED6-23F3-4151-9362-2157A24F41A7}.AppStore|ARM.Deploy.0 = Release|Any CPU
		{B0F5FED6-23F3-4151-9362-2157A24F41A7}.AppStore|iPhone.ActiveCfg = Release|Any CPU
		{B0F5FED6-23F3-4151-9362-2157A24F41A7}.AppStore|iPhone.Build.0 = Release|Any CPU
		{B0F5FED6-23F3-4151-9362-2157A24F41A7}.AppStore|iPhone.Deploy.0 = Release|Any CPU
		{B0F5FED6-23F3-4151-9362-2157A24F41A7}.AppStore|iPhoneSimulator.ActiveCfg = Release|Any CPU
		{B0F5FED6-23F3-4151-9362-2157A24F41A7}.AppStore|iPhoneSimulator.Build.0 = Release|Any CPU
		{B0F5FED6-23F3-4151-9362-2157A24F41A7}.AppStore|iPhoneSimulator.Deploy.0 = Release|Any CPU
		{B0F5FED6-23F3-4151-9362-2157A24F41A7}.AppStore|x64.ActiveCfg = Release|Any CPU
		{B0F5FED6-23F3-4151-9362-2157A24F41A7}.AppStore|x64.Build.0 = Release|Any CPU
		{B0F5FED6-23F3-4151-9362-2157A24F41A7}.AppStore|x64.Deploy.0 = Release|Any CPU
		{B0F5FED6-23F3-4151-9362-2157A24F41A7}.AppStore|x86.ActiveCfg = Release|Any CPU
		{B0F5FED6-23F3-4151-9362-2157A24F41A7}.AppStore|x86.Build.0 = Release|Any CPU
		{B0F5FED6-23F3-4151-9362-2157A24F41A7}.AppStore|x86.Deploy.0 = Release|Any CPU
		{B0F5FED6-23F3-4151-9362-2157A24F41A7}.Debug|Any CPU.ActiveCfg = Debug|Any CPU
		{B0F5FED6-23F3-4151-9362-2157A24F41A7}.Debug|Any CPU.Build.0 = Debug|Any CPU
		{B0F5FED6-23F3-4151-9362-2157A24F41A7}.Debug|Any CPU.Deploy.0 = Debug|Any CPU
		{B0F5FED6-23F3-4151-9362-2157A24F41A7}.Debug|ARM.ActiveCfg = Debug|Any CPU
		{B0F5FED6-23F3-4151-9362-2157A24F41A7}.Debug|ARM.Build.0 = Debug|Any CPU
		{B0F5FED6-23F3-4151-9362-2157A24F41A7}.Debug|ARM.Deploy.0 = Debug|Any CPU
		{B0F5FED6-23F3-4151-9362-2157A24F41A7}.Debug|iPhone.ActiveCfg = Debug|Any CPU
		{B0F5FED6-23F3-4151-9362-2157A24F41A7}.Debug|iPhone.Build.0 = Debug|Any CPU
		{B0F5FED6-23F3-4151-9362-2157A24F41A7}.Debug|iPhone.Deploy.0 = Debug|Any CPU
		{B0F5FED6-23F3-4151-9362-2157A24F41A7}.Debug|iPhoneSimulator.ActiveCfg = Debug|Any CPU
		{B0F5FED6-23F3-4151-9362-2157A24F41A7}.Debug|iPhoneSimulator.Build.0 = Debug|Any CPU
		{B0F5FED6-23F3-4151-9362-2157A24F41A7}.Debug|iPhoneSimulator.Deploy.0 = Debug|Any CPU
		{B0F5FED6-23F3-4151-9362-2157A24F41A7}.Debug|x64.ActiveCfg = Debug|Any CPU
		{B0F5FED6-23F3-4151-9362-2157A24F41A7}.Debug|x64.Build.0 = Debug|Any CPU
		{B0F5FED6-23F3-4151-9362-2157A24F41A7}.Debug|x64.Deploy.0 = Debug|Any CPU
		{B0F5FED6-23F3-4151-9362-2157A24F41A7}.Debug|x86.ActiveCfg = Debug|Any CPU
		{B0F5FED6-23F3-4151-9362-2157A24F41A7}.Debug|x86.Build.0 = Debug|Any CPU
		{B0F5FED6-23F3-4151-9362-2157A24F41A7}.Debug|x86.Deploy.0 = Debug|Any CPU
		{B0F5FED6-23F3-4151-9362-2157A24F41A7}.Release|Any CPU.ActiveCfg = Release|Any CPU
		{B0F5FED6-23F3-4151-9362-2157A24F41A7}.Release|Any CPU.Build.0 = Release|Any CPU
		{B0F5FED6-23F3-4151-9362-2157A24F41A7}.Release|Any CPU.Deploy.0 = Release|Any CPU
		{B0F5FED6-23F3-4151-9362-2157A24F41A7}.Release|ARM.ActiveCfg = Release|Any CPU
		{B0F5FED6-23F3-4151-9362-2157A24F41A7}.Release|ARM.Build.0 = Release|Any CPU
		{B0F5FED6-23F3-4151-9362-2157A24F41A7}.Release|ARM.Deploy.0 = Release|Any CPU
		{B0F5FED6-23F3-4151-9362-2157A24F41A7}.Release|iPhone.ActiveCfg = Release|Any CPU
		{B0F5FED6-23F3-4151-9362-2157A24F41A7}.Release|iPhone.Build.0 = Release|Any CPU
		{B0F5FED6-23F3-4151-9362-2157A24F41A7}.Release|iPhone.Deploy.0 = Release|Any CPU
		{B0F5FED6-23F3-4151-9362-2157A24F41A7}.Release|iPhoneSimulator.ActiveCfg = Release|Any CPU
		{B0F5FED6-23F3-4151-9362-2157A24F41A7}.Release|iPhoneSimulator.Build.0 = Release|Any CPU
		{B0F5FED6-23F3-4151-9362-2157A24F41A7}.Release|iPhoneSimulator.Deploy.0 = Release|Any CPU
		{B0F5FED6-23F3-4151-9362-2157A24F41A7}.Release|x64.ActiveCfg = Release|Any CPU
		{B0F5FED6-23F3-4151-9362-2157A24F41A7}.Release|x64.Build.0 = Release|Any CPU
		{B0F5FED6-23F3-4151-9362-2157A24F41A7}.Release|x64.Deploy.0 = Release|Any CPU
		{B0F5FED6-23F3-4151-9362-2157A24F41A7}.Release|x86.ActiveCfg = Release|Any CPU
		{B0F5FED6-23F3-4151-9362-2157A24F41A7}.Release|x86.Build.0 = Release|Any CPU
		{B0F5FED6-23F3-4151-9362-2157A24F41A7}.Release|x86.Deploy.0 = Release|Any CPU
		{8C0D424E-6E4D-4B06-A282-A08A9431440D}.Ad-Hoc|Any CPU.ActiveCfg = Release|Any CPU
		{8C0D424E-6E4D-4B06-A282-A08A9431440D}.Ad-Hoc|Any CPU.Build.0 = Release|Any CPU
		{8C0D424E-6E4D-4B06-A282-A08A9431440D}.Ad-Hoc|ARM.ActiveCfg = Release|Any CPU
		{8C0D424E-6E4D-4B06-A282-A08A9431440D}.Ad-Hoc|ARM.Build.0 = Release|Any CPU
		{8C0D424E-6E4D-4B06-A282-A08A9431440D}.Ad-Hoc|iPhone.ActiveCfg = Release|Any CPU
		{8C0D424E-6E4D-4B06-A282-A08A9431440D}.Ad-Hoc|iPhone.Build.0 = Release|Any CPU
		{8C0D424E-6E4D-4B06-A282-A08A9431440D}.Ad-Hoc|iPhoneSimulator.ActiveCfg = Release|Any CPU
		{8C0D424E-6E4D-4B06-A282-A08A9431440D}.Ad-Hoc|iPhoneSimulator.Build.0 = Release|Any CPU
		{8C0D424E-6E4D-4B06-A282-A08A9431440D}.Ad-Hoc|x64.ActiveCfg = Release|Any CPU
		{8C0D424E-6E4D-4B06-A282-A08A9431440D}.Ad-Hoc|x64.Build.0 = Release|Any CPU
		{8C0D424E-6E4D-4B06-A282-A08A9431440D}.Ad-Hoc|x86.ActiveCfg = Release|Any CPU
		{8C0D424E-6E4D-4B06-A282-A08A9431440D}.Ad-Hoc|x86.Build.0 = Release|Any CPU
		{8C0D424E-6E4D-4B06-A282-A08A9431440D}.AppStore|Any CPU.ActiveCfg = Release|Any CPU
		{8C0D424E-6E4D-4B06-A282-A08A9431440D}.AppStore|Any CPU.Build.0 = Release|Any CPU
		{8C0D424E-6E4D-4B06-A282-A08A9431440D}.AppStore|ARM.ActiveCfg = Release|Any CPU
		{8C0D424E-6E4D-4B06-A282-A08A9431440D}.AppStore|ARM.Build.0 = Release|Any CPU
		{8C0D424E-6E4D-4B06-A282-A08A9431440D}.AppStore|iPhone.ActiveCfg = Release|Any CPU
		{8C0D424E-6E4D-4B06-A282-A08A9431440D}.AppStore|iPhone.Build.0 = Release|Any CPU
		{8C0D424E-6E4D-4B06-A282-A08A9431440D}.AppStore|iPhoneSimulator.ActiveCfg = Release|Any CPU
		{8C0D424E-6E4D-4B06-A282-A08A9431440D}.AppStore|iPhoneSimulator.Build.0 = Release|Any CPU
		{8C0D424E-6E4D-4B06-A282-A08A9431440D}.AppStore|x64.ActiveCfg = Release|Any CPU
		{8C0D424E-6E4D-4B06-A282-A08A9431440D}.AppStore|x64.Build.0 = Release|Any CPU
		{8C0D424E-6E4D-4B06-A282-A08A9431440D}.AppStore|x86.ActiveCfg = Release|Any CPU
		{8C0D424E-6E4D-4B06-A282-A08A9431440D}.AppStore|x86.Build.0 = Release|Any CPU
		{8C0D424E-6E4D-4B06-A282-A08A9431440D}.Debug|Any CPU.ActiveCfg = Debug|Any CPU
		{8C0D424E-6E4D-4B06-A282-A08A9431440D}.Debug|Any CPU.Build.0 = Debug|Any CPU
		{8C0D424E-6E4D-4B06-A282-A08A9431440D}.Debug|ARM.ActiveCfg = Debug|Any CPU
		{8C0D424E-6E4D-4B06-A282-A08A9431440D}.Debug|ARM.Build.0 = Debug|Any CPU
		{8C0D424E-6E4D-4B06-A282-A08A9431440D}.Debug|iPhone.ActiveCfg = Debug|Any CPU
		{8C0D424E-6E4D-4B06-A282-A08A9431440D}.Debug|iPhone.Build.0 = Debug|Any CPU
		{8C0D424E-6E4D-4B06-A282-A08A9431440D}.Debug|iPhoneSimulator.ActiveCfg = Debug|Any CPU
		{8C0D424E-6E4D-4B06-A282-A08A9431440D}.Debug|iPhoneSimulator.Build.0 = Debug|Any CPU
		{8C0D424E-6E4D-4B06-A282-A08A9431440D}.Debug|x64.ActiveCfg = Debug|Any CPU
		{8C0D424E-6E4D-4B06-A282-A08A9431440D}.Debug|x64.Build.0 = Debug|Any CPU
		{8C0D424E-6E4D-4B06-A282-A08A9431440D}.Debug|x86.ActiveCfg = Debug|Any CPU
		{8C0D424E-6E4D-4B06-A282-A08A9431440D}.Debug|x86.Build.0 = Debug|Any CPU
		{8C0D424E-6E4D-4B06-A282-A08A9431440D}.Release|Any CPU.ActiveCfg = Release|Any CPU
		{8C0D424E-6E4D-4B06-A282-A08A9431440D}.Release|Any CPU.Build.0 = Release|Any CPU
		{8C0D424E-6E4D-4B06-A282-A08A9431440D}.Release|ARM.ActiveCfg = Release|Any CPU
		{8C0D424E-6E4D-4B06-A282-A08A9431440D}.Release|ARM.Build.0 = Release|Any CPU
		{8C0D424E-6E4D-4B06-A282-A08A9431440D}.Release|iPhone.ActiveCfg = Release|Any CPU
		{8C0D424E-6E4D-4B06-A282-A08A9431440D}.Release|iPhone.Build.0 = Release|Any CPU
		{8C0D424E-6E4D-4B06-A282-A08A9431440D}.Release|iPhoneSimulator.ActiveCfg = Release|Any CPU
		{8C0D424E-6E4D-4B06-A282-A08A9431440D}.Release|iPhoneSimulator.Build.0 = Release|Any CPU
		{8C0D424E-6E4D-4B06-A282-A08A9431440D}.Release|x64.ActiveCfg = Release|Any CPU
		{8C0D424E-6E4D-4B06-A282-A08A9431440D}.Release|x64.Build.0 = Release|Any CPU
		{8C0D424E-6E4D-4B06-A282-A08A9431440D}.Release|x86.ActiveCfg = Release|Any CPU
		{8C0D424E-6E4D-4B06-A282-A08A9431440D}.Release|x86.Build.0 = Release|Any CPU
		{73F46464-7321-4FC7-AD74-AE514C3684D3}.Ad-Hoc|Any CPU.ActiveCfg = Release|x86
		{73F46464-7321-4FC7-AD74-AE514C3684D3}.Ad-Hoc|Any CPU.Build.0 = Release|x86
		{73F46464-7321-4FC7-AD74-AE514C3684D3}.Ad-Hoc|Any CPU.Deploy.0 = Release|x86
		{73F46464-7321-4FC7-AD74-AE514C3684D3}.Ad-Hoc|ARM.ActiveCfg = Release|ARM
		{73F46464-7321-4FC7-AD74-AE514C3684D3}.Ad-Hoc|ARM.Build.0 = Release|ARM
		{73F46464-7321-4FC7-AD74-AE514C3684D3}.Ad-Hoc|ARM.Deploy.0 = Release|ARM
		{73F46464-7321-4FC7-AD74-AE514C3684D3}.Ad-Hoc|iPhone.ActiveCfg = Release|x86
		{73F46464-7321-4FC7-AD74-AE514C3684D3}.Ad-Hoc|iPhone.Build.0 = Release|x86
		{73F46464-7321-4FC7-AD74-AE514C3684D3}.Ad-Hoc|iPhone.Deploy.0 = Release|x86
		{73F46464-7321-4FC7-AD74-AE514C3684D3}.Ad-Hoc|iPhoneSimulator.ActiveCfg = Release|x86
		{73F46464-7321-4FC7-AD74-AE514C3684D3}.Ad-Hoc|iPhoneSimulator.Build.0 = Release|x86
		{73F46464-7321-4FC7-AD74-AE514C3684D3}.Ad-Hoc|iPhoneSimulator.Deploy.0 = Release|x86
		{73F46464-7321-4FC7-AD74-AE514C3684D3}.Ad-Hoc|x64.ActiveCfg = Release|x64
		{73F46464-7321-4FC7-AD74-AE514C3684D3}.Ad-Hoc|x64.Build.0 = Release|x64
		{73F46464-7321-4FC7-AD74-AE514C3684D3}.Ad-Hoc|x64.Deploy.0 = Release|x64
		{73F46464-7321-4FC7-AD74-AE514C3684D3}.Ad-Hoc|x86.ActiveCfg = Release|x86
		{73F46464-7321-4FC7-AD74-AE514C3684D3}.Ad-Hoc|x86.Build.0 = Release|x86
		{73F46464-7321-4FC7-AD74-AE514C3684D3}.Ad-Hoc|x86.Deploy.0 = Release|x86
		{73F46464-7321-4FC7-AD74-AE514C3684D3}.AppStore|Any CPU.ActiveCfg = Release|x86
		{73F46464-7321-4FC7-AD74-AE514C3684D3}.AppStore|Any CPU.Build.0 = Release|x86
		{73F46464-7321-4FC7-AD74-AE514C3684D3}.AppStore|Any CPU.Deploy.0 = Release|x86
		{73F46464-7321-4FC7-AD74-AE514C3684D3}.AppStore|ARM.ActiveCfg = Release|ARM
		{73F46464-7321-4FC7-AD74-AE514C3684D3}.AppStore|ARM.Build.0 = Release|ARM
		{73F46464-7321-4FC7-AD74-AE514C3684D3}.AppStore|ARM.Deploy.0 = Release|ARM
		{73F46464-7321-4FC7-AD74-AE514C3684D3}.AppStore|iPhone.ActiveCfg = Release|x86
		{73F46464-7321-4FC7-AD74-AE514C3684D3}.AppStore|iPhone.Build.0 = Release|x86
		{73F46464-7321-4FC7-AD74-AE514C3684D3}.AppStore|iPhone.Deploy.0 = Release|x86
		{73F46464-7321-4FC7-AD74-AE514C3684D3}.AppStore|iPhoneSimulator.ActiveCfg = Release|x86
		{73F46464-7321-4FC7-AD74-AE514C3684D3}.AppStore|iPhoneSimulator.Build.0 = Release|x86
		{73F46464-7321-4FC7-AD74-AE514C3684D3}.AppStore|iPhoneSimulator.Deploy.0 = Release|x86
		{73F46464-7321-4FC7-AD74-AE514C3684D3}.AppStore|x64.ActiveCfg = Release|x64
		{73F46464-7321-4FC7-AD74-AE514C3684D3}.AppStore|x64.Build.0 = Release|x64
		{73F46464-7321-4FC7-AD74-AE514C3684D3}.AppStore|x64.Deploy.0 = Release|x64
		{73F46464-7321-4FC7-AD74-AE514C3684D3}.AppStore|x86.ActiveCfg = Release|x86
		{73F46464-7321-4FC7-AD74-AE514C3684D3}.AppStore|x86.Build.0 = Release|x86
		{73F46464-7321-4FC7-AD74-AE514C3684D3}.AppStore|x86.Deploy.0 = Release|x86
		{73F46464-7321-4FC7-AD74-AE514C3684D3}.Debug|Any CPU.ActiveCfg = Debug|x86
		{73F46464-7321-4FC7-AD74-AE514C3684D3}.Debug|ARM.ActiveCfg = Debug|ARM
		{73F46464-7321-4FC7-AD74-AE514C3684D3}.Debug|ARM.Build.0 = Debug|ARM
		{73F46464-7321-4FC7-AD74-AE514C3684D3}.Debug|ARM.Deploy.0 = Debug|ARM
		{73F46464-7321-4FC7-AD74-AE514C3684D3}.Debug|iPhone.ActiveCfg = Debug|x86
		{73F46464-7321-4FC7-AD74-AE514C3684D3}.Debug|iPhoneSimulator.ActiveCfg = Debug|x86
		{73F46464-7321-4FC7-AD74-AE514C3684D3}.Debug|x64.ActiveCfg = Debug|x64
		{73F46464-7321-4FC7-AD74-AE514C3684D3}.Debug|x64.Build.0 = Debug|x64
		{73F46464-7321-4FC7-AD74-AE514C3684D3}.Debug|x64.Deploy.0 = Debug|x64
		{73F46464-7321-4FC7-AD74-AE514C3684D3}.Debug|x86.ActiveCfg = Debug|x86
		{73F46464-7321-4FC7-AD74-AE514C3684D3}.Debug|x86.Build.0 = Debug|x86
		{73F46464-7321-4FC7-AD74-AE514C3684D3}.Debug|x86.Deploy.0 = Debug|x86
		{73F46464-7321-4FC7-AD74-AE514C3684D3}.Release|Any CPU.ActiveCfg = Release|x86
		{73F46464-7321-4FC7-AD74-AE514C3684D3}.Release|ARM.ActiveCfg = Release|ARM
		{73F46464-7321-4FC7-AD74-AE514C3684D3}.Release|ARM.Build.0 = Release|ARM
		{73F46464-7321-4FC7-AD74-AE514C3684D3}.Release|ARM.Deploy.0 = Release|ARM
		{73F46464-7321-4FC7-AD74-AE514C3684D3}.Release|iPhone.ActiveCfg = Release|x86
		{73F46464-7321-4FC7-AD74-AE514C3684D3}.Release|iPhoneSimulator.ActiveCfg = Release|x86
		{73F46464-7321-4FC7-AD74-AE514C3684D3}.Release|x64.ActiveCfg = Release|x64
		{73F46464-7321-4FC7-AD74-AE514C3684D3}.Release|x64.Build.0 = Release|x64
		{73F46464-7321-4FC7-AD74-AE514C3684D3}.Release|x64.Deploy.0 = Release|x64
		{73F46464-7321-4FC7-AD74-AE514C3684D3}.Release|x86.ActiveCfg = Release|x86
		{73F46464-7321-4FC7-AD74-AE514C3684D3}.Release|x86.Build.0 = Release|x86
		{73F46464-7321-4FC7-AD74-AE514C3684D3}.Release|x86.Deploy.0 = Release|x86
		{6476E084-BCF8-44E7-A6DA-0732EA1D05FA}.Ad-Hoc|Any CPU.ActiveCfg = Ad-Hoc|iPhone
		{6476E084-BCF8-44E7-A6DA-0732EA1D05FA}.Ad-Hoc|ARM.ActiveCfg = Ad-Hoc|iPhone
		{6476E084-BCF8-44E7-A6DA-0732EA1D05FA}.Ad-Hoc|iPhone.ActiveCfg = Ad-Hoc|iPhone
		{6476E084-BCF8-44E7-A6DA-0732EA1D05FA}.Ad-Hoc|iPhone.Build.0 = Ad-Hoc|iPhone
		{6476E084-BCF8-44E7-A6DA-0732EA1D05FA}.Ad-Hoc|iPhoneSimulator.ActiveCfg = Ad-Hoc|iPhoneSimulator
		{6476E084-BCF8-44E7-A6DA-0732EA1D05FA}.Ad-Hoc|iPhoneSimulator.Build.0 = Ad-Hoc|iPhoneSimulator
		{6476E084-BCF8-44E7-A6DA-0732EA1D05FA}.Ad-Hoc|x64.ActiveCfg = Ad-Hoc|iPhone
		{6476E084-BCF8-44E7-A6DA-0732EA1D05FA}.Ad-Hoc|x86.ActiveCfg = Ad-Hoc|iPhone
		{6476E084-BCF8-44E7-A6DA-0732EA1D05FA}.AppStore|Any CPU.ActiveCfg = AppStore|iPhone
		{6476E084-BCF8-44E7-A6DA-0732EA1D05FA}.AppStore|ARM.ActiveCfg = AppStore|iPhone
		{6476E084-BCF8-44E7-A6DA-0732EA1D05FA}.AppStore|iPhone.ActiveCfg = AppStore|iPhone
		{6476E084-BCF8-44E7-A6DA-0732EA1D05FA}.AppStore|iPhone.Build.0 = AppStore|iPhone
		{6476E084-BCF8-44E7-A6DA-0732EA1D05FA}.AppStore|iPhoneSimulator.ActiveCfg = AppStore|iPhoneSimulator
		{6476E084-BCF8-44E7-A6DA-0732EA1D05FA}.AppStore|iPhoneSimulator.Build.0 = AppStore|iPhoneSimulator
		{6476E084-BCF8-44E7-A6DA-0732EA1D05FA}.AppStore|x64.ActiveCfg = AppStore|iPhone
		{6476E084-BCF8-44E7-A6DA-0732EA1D05FA}.AppStore|x86.ActiveCfg = AppStore|iPhone
		{6476E084-BCF8-44E7-A6DA-0732EA1D05FA}.Debug|Any CPU.ActiveCfg = Debug|iPhone
		{6476E084-BCF8-44E7-A6DA-0732EA1D05FA}.Debug|ARM.ActiveCfg = Debug|iPhone
		{6476E084-BCF8-44E7-A6DA-0732EA1D05FA}.Debug|iPhone.ActiveCfg = Debug|iPhone
		{6476E084-BCF8-44E7-A6DA-0732EA1D05FA}.Debug|iPhone.Build.0 = Debug|iPhone
		{6476E084-BCF8-44E7-A6DA-0732EA1D05FA}.Debug|iPhoneSimulator.ActiveCfg = Debug|iPhoneSimulator
		{6476E084-BCF8-44E7-A6DA-0732EA1D05FA}.Debug|iPhoneSimulator.Build.0 = Debug|iPhoneSimulator
		{6476E084-BCF8-44E7-A6DA-0732EA1D05FA}.Debug|x64.ActiveCfg = Debug|iPhone
		{6476E084-BCF8-44E7-A6DA-0732EA1D05FA}.Debug|x86.ActiveCfg = Debug|iPhone
		{6476E084-BCF8-44E7-A6DA-0732EA1D05FA}.Release|Any CPU.ActiveCfg = Release|iPhone
		{6476E084-BCF8-44E7-A6DA-0732EA1D05FA}.Release|ARM.ActiveCfg = Release|iPhone
		{6476E084-BCF8-44E7-A6DA-0732EA1D05FA}.Release|iPhone.ActiveCfg = Release|iPhone
		{6476E084-BCF8-44E7-A6DA-0732EA1D05FA}.Release|iPhone.Build.0 = Release|iPhone
		{6476E084-BCF8-44E7-A6DA-0732EA1D05FA}.Release|iPhoneSimulator.ActiveCfg = Release|iPhoneSimulator
		{6476E084-BCF8-44E7-A6DA-0732EA1D05FA}.Release|iPhoneSimulator.Build.0 = Release|iPhoneSimulator
		{6476E084-BCF8-44E7-A6DA-0732EA1D05FA}.Release|x64.ActiveCfg = Release|iPhone
		{6476E084-BCF8-44E7-A6DA-0732EA1D05FA}.Release|x86.ActiveCfg = Release|iPhone
	EndGlobalSection
	GlobalSection(SolutionProperties) = preSolution
		HideSolutionNode = FALSE
	EndGlobalSection
EndGlobal
